
Microsoft Visual Studio Solution File, Format Version 12.00
# Visual Studio 2012
Project("{FAE04EC0-301F-11D3-BF4B-00C04F79EFBC}") = "CalculadoraForm", "CalculadoraForm\CalculadoraForm.csproj", "{BFA6E1F7-38F4-4FD9-99AF-06BA0FC49804}"
EndProject
Global
	GlobalSection(SolutionConfigurationPlatforms) = preSolution
		Debug|Any CPU = Debug|Any CPU
		Release|Any CPU = Release|Any CPU
	EndGlobalSection
	GlobalSection(ProjectConfigurationPlatforms) = postSolution
		{BFA6E1F7-38F4-4FD9-99AF-06BA0FC49804}.Debug|Any CPU.ActiveCfg = Debug|Any CPU
		{BFA6E1F7-38F4-4FD9-99AF-06BA0FC49804}.Debug|Any CPU.Build.0 = Debug|Any CPU
		{BFA6E1F7-38F4-4FD9-99AF-06BA0FC49804}.Release|Any CPU.ActiveCfg = Release|Any CPU
		{BFA6E1F7-38F4-4FD9-99AF-06BA0FC49804}.Release|Any CPU.Build.0 = Release|Any CPU
	EndGlobalSection
	GlobalSection(SolutionProperties) = preSolution
		HideSolutionNode = FALSE
	EndGlobalSection
EndGlobal
